
Microsoft Visual Studio Solution File, Format Version 12.00
# Visual Studio Version 17
VisualStudioVersion = 17.4.33122.133
MinimumVisualStudioVersion = 10.0.40219.1
Project("{11A8DD76-328B-46DF-9F39-F559912D0360}") = "nanoFramework-BleClient", "nanoFramework-BleClient\nanoFramework-BleClient.nfproj", "{189586E3-C630-435D-AF55-B68BC7736E25}"
EndProject
Global
	GlobalSection(SolutionConfigurationPlatforms) = preSolution
		Debug|Any CPU = Debug|Any CPU
		Release|Any CPU = Release|Any CPU
	EndGlobalSection
	GlobalSection(ProjectConfigurationPlatforms) = postSolution
		{189586E3-C630-435D-AF55-B68BC7736E25}.Debug|Any CPU.ActiveCfg = Debug|Any CPU
		{189586E3-C630-435D-AF55-B68BC7736E25}.Debug|Any CPU.Build.0 = Debug|Any CPU
		{189586E3-C630-435D-AF55-B68BC7736E25}.Debug|Any CPU.Deploy.0 = Debug|Any CPU
		{189586E3-C630-435D-AF55-B68BC7736E25}.Release|Any CPU.ActiveCfg = Release|Any CPU
		{189586E3-C630-435D-AF55-B68BC7736E25}.Release|Any CPU.Build.0 = Release|Any CPU
		{189586E3-C630-435D-AF55-B68BC7736E25}.Release|Any CPU.Deploy.0 = Release|Any CPU
	EndGlobalSection
	GlobalSection(SolutionProperties) = preSolution
		HideSolutionNode = FALSE
	EndGlobalSection
	GlobalSection(ExtensibilityGlobals) = postSolution
		SolutionGuid = {17BDF53A-7C05-4204-9C7B-402610A5262C}
	EndGlobalSection
EndGlobal
